// !$*UTF8*$!
{
	archiveVersion = 1;
	classes = {
	};
	objectVersion = 50;
	objects = {

/* Begin PBXBuildFile section */
		D70215B5221B9F470035A35A /* QuestionData+CoreDataClass.swift in Sources */ = {isa = PBXBuildFile; fileRef = D70215B3221B9F470035A35A /* QuestionData+CoreDataClass.swift */; };
		D70215B6221B9F470035A35A /* QuestionData+CoreDataProperties.swift in Sources */ = {isa = PBXBuildFile; fileRef = D70215B4221B9F470035A35A /* QuestionData+CoreDataProperties.swift */; };
		D70215B8221BC6F60035A35A /* TimeCategoryCell.swift in Sources */ = {isa = PBXBuildFile; fileRef = D70215B7221BC6F60035A35A /* TimeCategoryCell.swift */; };
		D713E279221FE9DB007ACACE /* ProgressBarCell.swift in Sources */ = {isa = PBXBuildFile; fileRef = D713E277221FE9DB007ACACE /* ProgressBarCell.swift */; };
		D713E27A221FE9DB007ACACE /* ProgressBarCell.xib in Resources */ = {isa = PBXBuildFile; fileRef = D713E278221FE9DB007ACACE /* ProgressBarCell.xib */; };
		D767F229221583A6007493B2 /* CodingUserInfoKey+MOC.swift in Sources */ = {isa = PBXBuildFile; fileRef = D767F228221583A6007493B2 /* CodingUserInfoKey+MOC.swift */; };
		D767F22B22162E19007493B2 /* QuestionData.swift in Sources */ = {isa = PBXBuildFile; fileRef = D767F22A22162E19007493B2 /* QuestionData.swift */; };
		D767F22D22162F7B007493B2 /* QuestionData.json in Resources */ = {isa = PBXBuildFile; fileRef = D767F22C22162F7B007493B2 /* QuestionData.json */; };
		D7A7BE33221142B5008DB582 /* AppDelegate.swift in Sources */ = {isa = PBXBuildFile; fileRef = D7A7BE32221142B5008DB582 /* AppDelegate.swift */; };
		D7A7BE35221142B5008DB582 /* ViewController.swift in Sources */ = {isa = PBXBuildFile; fileRef = D7A7BE34221142B5008DB582 /* ViewController.swift */; };
		D7A7BE38221142B5008DB582 /* Main.storyboard in Resources */ = {isa = PBXBuildFile; fileRef = D7A7BE36221142B5008DB582 /* Main.storyboard */; };
		D7A7BE3B221142B5008DB582 /* magicOfMemo.xcdatamodeld in Sources */ = {isa = PBXBuildFile; fileRef = D7A7BE39221142B5008DB582 /* magicOfMemo.xcdatamodeld */; };
		D7A7BE3D221142B9008DB582 /* Assets.xcassets in Resources */ = {isa = PBXBuildFile; fileRef = D7A7BE3C221142B9008DB582 /* Assets.xcassets */; };
		D7A7BE40221142B9008DB582 /* LaunchScreen.storyboard in Resources */ = {isa = PBXBuildFile; fileRef = D7A7BE3E221142B9008DB582 /* LaunchScreen.storyboard */; };
		D7A7BE4B221142B9008DB582 /* magicOfMemoTests.swift in Sources */ = {isa = PBXBuildFile; fileRef = D7A7BE4A221142B9008DB582 /* magicOfMemoTests.swift */; };
		D7A7BE56221142B9008DB582 /* magicOfMemoUITests.swift in Sources */ = {isa = PBXBuildFile; fileRef = D7A7BE55221142B9008DB582 /* magicOfMemoUITests.swift */; };
		D7A7BE642211A011008DB582 /* TimeCategory.storyboard in Resources */ = {isa = PBXBuildFile; fileRef = D7A7BE632211A011008DB582 /* TimeCategory.storyboard */; };
		D7A7BE662211A0E4008DB582 /* QuestionList.storyboard in Resources */ = {isa = PBXBuildFile; fileRef = D7A7BE652211A0E4008DB582 /* QuestionList.storyboard */; };
		D7F2C29D2211B28900B7C6F4 /* TimeCategoryViewController.swift in Sources */ = {isa = PBXBuildFile; fileRef = D7F2C29C2211B28800B7C6F4 /* TimeCategoryViewController.swift */; };
		D7F2C29F2211B66C00B7C6F4 /* QuestionListViewController.swift in Sources */ = {isa = PBXBuildFile; fileRef = D7F2C29E2211B66C00B7C6F4 /* QuestionListViewController.swift */; };
		D7F2C2A12211B68600B7C6F4 /* QuestionCell.swift in Sources */ = {isa = PBXBuildFile; fileRef = D7F2C2A02211B68600B7C6F4 /* QuestionCell.swift */; };
		D7F2C2A8221250B600B7C6F4 /* Level+CoreDataClass.swift in Sources */ = {isa = PBXBuildFile; fileRef = D7F2C2A2221250B500B7C6F4 /* Level+CoreDataClass.swift */; };
		D7F2C2A9221250B600B7C6F4 /* Level+CoreDataProperties.swift in Sources */ = {isa = PBXBuildFile; fileRef = D7F2C2A3221250B600B7C6F4 /* Level+CoreDataProperties.swift */; };
		D7F2C2AA221250B600B7C6F4 /* TimeCategory+CoreDataClass.swift in Sources */ = {isa = PBXBuildFile; fileRef = D7F2C2A4221250B600B7C6F4 /* TimeCategory+CoreDataClass.swift */; };
		D7F2C2AB221250B600B7C6F4 /* TimeCategory+CoreDataProperties.swift in Sources */ = {isa = PBXBuildFile; fileRef = D7F2C2A5221250B600B7C6F4 /* TimeCategory+CoreDataProperties.swift */; };
		D7F2C2AC221250B600B7C6F4 /* Question+CoreDataClass.swift in Sources */ = {isa = PBXBuildFile; fileRef = D7F2C2A6221250B600B7C6F4 /* Question+CoreDataClass.swift */; };
		D7F2C2AD221250B600B7C6F4 /* Question+CoreDataProperties.swift in Sources */ = {isa = PBXBuildFile; fileRef = D7F2C2A7221250B600B7C6F4 /* Question+CoreDataProperties.swift */; };
/* End PBXBuildFile section */

/* Begin PBXContainerItemProxy section */
		D7A7BE47221142B9008DB582 /* PBXContainerItemProxy */ = {
			isa = PBXContainerItemProxy;
			containerPortal = D7A7BE27221142B4008DB582 /* Project object */;
			proxyType = 1;
			remoteGlobalIDString = D7A7BE2E221142B5008DB582;
			remoteInfo = magicOfMemo;
		};
		D7A7BE52221142B9008DB582 /* PBXContainerItemProxy */ = {
			isa = PBXContainerItemProxy;
			containerPortal = D7A7BE27221142B4008DB582 /* Project object */;
			proxyType = 1;
			remoteGlobalIDString = D7A7BE2E221142B5008DB582;
			remoteInfo = magicOfMemo;
		};
/* End PBXContainerItemProxy section */

/* Begin PBXFileReference section */
		D70215B3221B9F470035A35A /* QuestionData+CoreDataClass.swift */ = {isa = PBXFileReference; lastKnownFileType = sourcecode.swift; path = "QuestionData+CoreDataClass.swift"; sourceTree = "<group>"; };
		D70215B4221B9F470035A35A /* QuestionData+CoreDataProperties.swift */ = {isa = PBXFileReference; lastKnownFileType = sourcecode.swift; path = "QuestionData+CoreDataProperties.swift"; sourceTree = "<group>"; };
		D70215B7221BC6F60035A35A /* TimeCategoryCell.swift */ = {isa = PBXFileReference; lastKnownFileType = sourcecode.swift; path = TimeCategoryCell.swift; sourceTree = "<group>"; };
		D713E277221FE9DB007ACACE /* ProgressBarCell.swift */ = {isa = PBXFileReference; lastKnownFileType = sourcecode.swift; path = ProgressBarCell.swift; sourceTree = "<group>"; };
		D713E278221FE9DB007ACACE /* ProgressBarCell.xib */ = {isa = PBXFileReference; lastKnownFileType = file.xib; path = ProgressBarCell.xib; sourceTree = "<group>"; };
		D767F228221583A6007493B2 /* CodingUserInfoKey+MOC.swift */ = {isa = PBXFileReference; lastKnownFileType = sourcecode.swift; path = "CodingUserInfoKey+MOC.swift"; sourceTree = "<group>"; };
		D767F22A22162E19007493B2 /* QuestionData.swift */ = {isa = PBXFileReference; lastKnownFileType = sourcecode.swift; path = QuestionData.swift; sourceTree = "<group>"; };
		D767F22C22162F7B007493B2 /* QuestionData.json */ = {isa = PBXFileReference; fileEncoding = 4; lastKnownFileType = text.json; path = QuestionData.json; sourceTree = "<group>"; };
		D7A7BE2F221142B5008DB582 /* magicOfMemo.app */ = {isa = PBXFileReference; explicitFileType = wrapper.application; includeInIndex = 0; path = magicOfMemo.app; sourceTree = BUILT_PRODUCTS_DIR; };
		D7A7BE32221142B5008DB582 /* AppDelegate.swift */ = {isa = PBXFileReference; lastKnownFileType = sourcecode.swift; path = AppDelegate.swift; sourceTree = "<group>"; };
		D7A7BE34221142B5008DB582 /* ViewController.swift */ = {isa = PBXFileReference; lastKnownFileType = sourcecode.swift; path = ViewController.swift; sourceTree = "<group>"; };
		D7A7BE37221142B5008DB582 /* Base */ = {isa = PBXFileReference; lastKnownFileType = file.storyboard; name = Base; path = Base.lproj/Main.storyboard; sourceTree = "<group>"; };
		D7A7BE3A221142B5008DB582 /* magicOfMemo.xcdatamodel */ = {isa = PBXFileReference; lastKnownFileType = wrapper.xcdatamodel; path = magicOfMemo.xcdatamodel; sourceTree = "<group>"; };
		D7A7BE3C221142B9008DB582 /* Assets.xcassets */ = {isa = PBXFileReference; lastKnownFileType = folder.assetcatalog; path = Assets.xcassets; sourceTree = "<group>"; };
		D7A7BE3F221142B9008DB582 /* Base */ = {isa = PBXFileReference; lastKnownFileType = file.storyboard; name = Base; path = Base.lproj/LaunchScreen.storyboard; sourceTree = "<group>"; };
		D7A7BE41221142B9008DB582 /* Info.plist */ = {isa = PBXFileReference; lastKnownFileType = text.plist.xml; path = Info.plist; sourceTree = "<group>"; };
		D7A7BE46221142B9008DB582 /* magicOfMemoTests.xctest */ = {isa = PBXFileReference; explicitFileType = wrapper.cfbundle; includeInIndex = 0; path = magicOfMemoTests.xctest; sourceTree = BUILT_PRODUCTS_DIR; };
		D7A7BE4A221142B9008DB582 /* magicOfMemoTests.swift */ = {isa = PBXFileReference; lastKnownFileType = sourcecode.swift; path = magicOfMemoTests.swift; sourceTree = "<group>"; };
		D7A7BE4C221142B9008DB582 /* Info.plist */ = {isa = PBXFileReference; lastKnownFileType = text.plist.xml; path = Info.plist; sourceTree = "<group>"; };
		D7A7BE51221142B9008DB582 /* magicOfMemoUITests.xctest */ = {isa = PBXFileReference; explicitFileType = wrapper.cfbundle; includeInIndex = 0; path = magicOfMemoUITests.xctest; sourceTree = BUILT_PRODUCTS_DIR; };
		D7A7BE55221142B9008DB582 /* magicOfMemoUITests.swift */ = {isa = PBXFileReference; lastKnownFileType = sourcecode.swift; path = magicOfMemoUITests.swift; sourceTree = "<group>"; };
		D7A7BE57221142B9008DB582 /* Info.plist */ = {isa = PBXFileReference; lastKnownFileType = text.plist.xml; path = Info.plist; sourceTree = "<group>"; };
		D7A7BE632211A011008DB582 /* TimeCategory.storyboard */ = {isa = PBXFileReference; lastKnownFileType = file.storyboard; path = TimeCategory.storyboard; sourceTree = "<group>"; };
		D7A7BE652211A0E4008DB582 /* QuestionList.storyboard */ = {isa = PBXFileReference; lastKnownFileType = file.storyboard; path = QuestionList.storyboard; sourceTree = "<group>"; };
		D7F2C29C2211B28800B7C6F4 /* TimeCategoryViewController.swift */ = {isa = PBXFileReference; lastKnownFileType = sourcecode.swift; path = TimeCategoryViewController.swift; sourceTree = "<group>"; };
		D7F2C29E2211B66C00B7C6F4 /* QuestionListViewController.swift */ = {isa = PBXFileReference; lastKnownFileType = sourcecode.swift; path = QuestionListViewController.swift; sourceTree = "<group>"; };
		D7F2C2A02211B68600B7C6F4 /* QuestionCell.swift */ = {isa = PBXFileReference; lastKnownFileType = sourcecode.swift; path = QuestionCell.swift; sourceTree = "<group>"; };
		D7F2C2A2221250B500B7C6F4 /* Level+CoreDataClass.swift */ = {isa = PBXFileReference; lastKnownFileType = sourcecode.swift; path = "Level+CoreDataClass.swift"; sourceTree = "<group>"; };
		D7F2C2A3221250B600B7C6F4 /* Level+CoreDataProperties.swift */ = {isa = PBXFileReference; lastKnownFileType = sourcecode.swift; path = "Level+CoreDataProperties.swift"; sourceTree = "<group>"; };
		D7F2C2A4221250B600B7C6F4 /* TimeCategory+CoreDataClass.swift */ = {isa = PBXFileReference; lastKnownFileType = sourcecode.swift; path = "TimeCategory+CoreDataClass.swift"; sourceTree = "<group>"; };
		D7F2C2A5221250B600B7C6F4 /* TimeCategory+CoreDataProperties.swift */ = {isa = PBXFileReference; lastKnownFileType = sourcecode.swift; path = "TimeCategory+CoreDataProperties.swift"; sourceTree = "<group>"; };
		D7F2C2A6221250B600B7C6F4 /* Question+CoreDataClass.swift */ = {isa = PBXFileReference; lastKnownFileType = sourcecode.swift; path = "Question+CoreDataClass.swift"; sourceTree = "<group>"; };
		D7F2C2A7221250B600B7C6F4 /* Question+CoreDataProperties.swift */ = {isa = PBXFileReference; lastKnownFileType = sourcecode.swift; path = "Question+CoreDataProperties.swift"; sourceTree = "<group>"; };
/* End PBXFileReference section */

/* Begin PBXFrameworksBuildPhase section */
		D7A7BE2C221142B5008DB582 /* Frameworks */ = {
			isa = PBXFrameworksBuildPhase;
			buildActionMask = 2147483647;
			files = (
			);
			runOnlyForDeploymentPostprocessing = 0;
		};
		D7A7BE43221142B9008DB582 /* Frameworks */ = {
			isa = PBXFrameworksBuildPhase;
			buildActionMask = 2147483647;
			files = (
			);
			runOnlyForDeploymentPostprocessing = 0;
		};
		D7A7BE4E221142B9008DB582 /* Frameworks */ = {
			isa = PBXFrameworksBuildPhase;
			buildActionMask = 2147483647;
			files = (
			);
			runOnlyForDeploymentPostprocessing = 0;
		};
/* End PBXFrameworksBuildPhase section */

/* Begin PBXGroup section */
		D7A7BE26221142B4008DB582 = {
			isa = PBXGroup;
			children = (
				D7A7BE31221142B5008DB582 /* magicOfMemo */,
				D7A7BE49221142B9008DB582 /* magicOfMemoTests */,
				D7A7BE54221142B9008DB582 /* magicOfMemoUITests */,
				D7A7BE30221142B5008DB582 /* Products */,
			);
			sourceTree = "<group>";
		};
		D7A7BE30221142B5008DB582 /* Products */ = {
			isa = PBXGroup;
			children = (
				D7A7BE2F221142B5008DB582 /* magicOfMemo.app */,
				D7A7BE46221142B9008DB582 /* magicOfMemoTests.xctest */,
				D7A7BE51221142B9008DB582 /* magicOfMemoUITests.xctest */,
			);
			name = Products;
			sourceTree = "<group>";
		};
		D7A7BE31221142B5008DB582 /* magicOfMemo */ = {
			isa = PBXGroup;
			children = (
				D767F228221583A6007493B2 /* CodingUserInfoKey+MOC.swift */,
				D7F2C2AE221250D400B7C6F4 /* Model */,
				D7F2C2AF221250E700B7C6F4 /* Storyboard */,
				D7F2C2B02212510600B7C6F4 /* ViewController */,
				D7F2C2B12212512700B7C6F4 /* View */,
				D7A7BE32221142B5008DB582 /* AppDelegate.swift */,
				D767F22C22162F7B007493B2 /* QuestionData.json */,
				D7A7BE3C221142B9008DB582 /* Assets.xcassets */,
				D7A7BE3E221142B9008DB582 /* LaunchScreen.storyboard */,
				D7A7BE41221142B9008DB582 /* Info.plist */,
				D7A7BE39221142B5008DB582 /* magicOfMemo.xcdatamodeld */,
			);
			path = magicOfMemo;
			sourceTree = "<group>";
		};
		D7A7BE49221142B9008DB582 /* magicOfMemoTests */ = {
			isa = PBXGroup;
			children = (
				D7A7BE4A221142B9008DB582 /* magicOfMemoTests.swift */,
				D7A7BE4C221142B9008DB582 /* Info.plist */,
			);
			path = magicOfMemoTests;
			sourceTree = "<group>";
		};
		D7A7BE54221142B9008DB582 /* magicOfMemoUITests */ = {
			isa = PBXGroup;
			children = (
				D7A7BE55221142B9008DB582 /* magicOfMemoUITests.swift */,
				D7A7BE57221142B9008DB582 /* Info.plist */,
			);
			path = magicOfMemoUITests;
			sourceTree = "<group>";
		};
		D7F2C2AE221250D400B7C6F4 /* Model */ = {
			isa = PBXGroup;
			children = (
				D70215B3221B9F470035A35A /* QuestionData+CoreDataClass.swift */,
				D70215B4221B9F470035A35A /* QuestionData+CoreDataProperties.swift */,
				D767F22A22162E19007493B2 /* QuestionData.swift */,
				D7F2C2A2221250B500B7C6F4 /* Level+CoreDataClass.swift */,
				D7F2C2A3221250B600B7C6F4 /* Level+CoreDataProperties.swift */,
				D7F2C2A4221250B600B7C6F4 /* TimeCategory+CoreDataClass.swift */,
				D7F2C2A5221250B600B7C6F4 /* TimeCategory+CoreDataProperties.swift */,
				D7F2C2A6221250B600B7C6F4 /* Question+CoreDataClass.swift */,
				D7F2C2A7221250B600B7C6F4 /* Question+CoreDataProperties.swift */,
			);
			path = Model;
			sourceTree = "<group>";
		};
		D7F2C2AF221250E700B7C6F4 /* Storyboard */ = {
			isa = PBXGroup;
			children = (
				D7A7BE36221142B5008DB582 /* Main.storyboard */,
				D7A7BE632211A011008DB582 /* TimeCategory.storyboard */,
				D7A7BE652211A0E4008DB582 /* QuestionList.storyboard */,
			);
			path = Storyboard;
			sourceTree = "<group>";
		};
		D7F2C2B02212510600B7C6F4 /* ViewController */ = {
			isa = PBXGroup;
			children = (
				D7A7BE34221142B5008DB582 /* ViewController.swift */,
				D7F2C29C2211B28800B7C6F4 /* TimeCategoryViewController.swift */,
				D7F2C29E2211B66C00B7C6F4 /* QuestionListViewController.swift */,
			);
			path = ViewController;
			sourceTree = "<group>";
		};
		D7F2C2B12212512700B7C6F4 /* View */ = {
			isa = PBXGroup;
			children = (
				D713E277221FE9DB007ACACE /* ProgressBarCell.swift */,
				D713E278221FE9DB007ACACE /* ProgressBarCell.xib */,
				D70215B7221BC6F60035A35A /* TimeCategoryCell.swift */,
				D7F2C2A02211B68600B7C6F4 /* QuestionCell.swift */,
			);
			path = View;
			sourceTree = "<group>";
		};
/* End PBXGroup section */

/* Begin PBXNativeTarget section */
		D7A7BE2E221142B5008DB582 /* magicOfMemo */ = {
			isa = PBXNativeTarget;
			buildConfigurationList = D7A7BE5A221142B9008DB582 /* Build configuration list for PBXNativeTarget "magicOfMemo" */;
			buildPhases = (
				D7A7BE2B221142B5008DB582 /* Sources */,
				D7A7BE2C221142B5008DB582 /* Frameworks */,
				D7A7BE2D221142B5008DB582 /* Resources */,
			);
			buildRules = (
			);
			dependencies = (
			);
			name = magicOfMemo;
			productName = magicOfMemo;
			productReference = D7A7BE2F221142B5008DB582 /* magicOfMemo.app */;
			productType = "com.apple.product-type.application";
		};
		D7A7BE45221142B9008DB582 /* magicOfMemoTests */ = {
			isa = PBXNativeTarget;
			buildConfigurationList = D7A7BE5D221142B9008DB582 /* Build configuration list for PBXNativeTarget "magicOfMemoTests" */;
			buildPhases = (
				D7A7BE42221142B9008DB582 /* Sources */,
				D7A7BE43221142B9008DB582 /* Frameworks */,
				D7A7BE44221142B9008DB582 /* Resources */,
			);
			buildRules = (
			);
			dependencies = (
				D7A7BE48221142B9008DB582 /* PBXTargetDependency */,
			);
			name = magicOfMemoTests;
			productName = magicOfMemoTests;
			productReference = D7A7BE46221142B9008DB582 /* magicOfMemoTests.xctest */;
			productType = "com.apple.product-type.bundle.unit-test";
		};
		D7A7BE50221142B9008DB582 /* magicOfMemoUITests */ = {
			isa = PBXNativeTarget;
			buildConfigurationList = D7A7BE60221142B9008DB582 /* Build configuration list for PBXNativeTarget "magicOfMemoUITests" */;
			buildPhases = (
				D7A7BE4D221142B9008DB582 /* Sources */,
				D7A7BE4E221142B9008DB582 /* Frameworks */,
				D7A7BE4F221142B9008DB582 /* Resources */,
			);
			buildRules = (
			);
			dependencies = (
				D7A7BE53221142B9008DB582 /* PBXTargetDependency */,
			);
			name = magicOfMemoUITests;
			productName = magicOfMemoUITests;
			productReference = D7A7BE51221142B9008DB582 /* magicOfMemoUITests.xctest */;
			productType = "com.apple.product-type.bundle.ui-testing";
		};
/* End PBXNativeTarget section */

/* Begin PBXProject section */
		D7A7BE27221142B4008DB582 /* Project object */ = {
			isa = PBXProject;
			attributes = {
				LastSwiftUpdateCheck = 1010;
				LastUpgradeCheck = 1010;
				ORGANIZATIONNAME = Kazutaka;
				TargetAttributes = {
					D7A7BE2E221142B5008DB582 = {
						CreatedOnToolsVersion = 10.1;
					};
					D7A7BE45221142B9008DB582 = {
						CreatedOnToolsVersion = 10.1;
						TestTargetID = D7A7BE2E221142B5008DB582;
					};
					D7A7BE50221142B9008DB582 = {
						CreatedOnToolsVersion = 10.1;
						TestTargetID = D7A7BE2E221142B5008DB582;
					};
				};
			};
			buildConfigurationList = D7A7BE2A221142B4008DB582 /* Build configuration list for PBXProject "magicOfMemo" */;
			compatibilityVersion = "Xcode 9.3";
			developmentRegion = en;
			hasScannedForEncodings = 0;
			knownRegions = (
				en,
				Base,
			);
			mainGroup = D7A7BE26221142B4008DB582;
			productRefGroup = D7A7BE30221142B5008DB582 /* Products */;
			projectDirPath = "";
			projectRoot = "";
			targets = (
				D7A7BE2E221142B5008DB582 /* magicOfMemo */,
				D7A7BE45221142B9008DB582 /* magicOfMemoTests */,
				D7A7BE50221142B9008DB582 /* magicOfMemoUITests */,
			);
		};
/* End PBXProject section */

/* Begin PBXResourcesBuildPhase section */
		D7A7BE2D221142B5008DB582 /* Resources */ = {
			isa = PBXResourcesBuildPhase;
			buildActionMask = 2147483647;
			files = (
				D7A7BE40221142B9008DB582 /* LaunchScreen.storyboard in Resources */,
				D7A7BE662211A0E4008DB582 /* QuestionList.storyboard in Resources */,
				D7A7BE3D221142B9008DB582 /* Assets.xcassets in Resources */,
				D7A7BE38221142B5008DB582 /* Main.storyboard in Resources */,
				D767F22D22162F7B007493B2 /* QuestionData.json in Resources */,
				D713E27A221FE9DB007ACACE /* ProgressBarCell.xib in Resources */,
				D7A7BE642211A011008DB582 /* TimeCategory.storyboard in Resources */,
			);
			runOnlyForDeploymentPostprocessing = 0;
		};
		D7A7BE44221142B9008DB582 /* Resources */ = {
			isa = PBXResourcesBuildPhase;
			buildActionMask = 2147483647;
			files = (
			);
			runOnlyForDeploymentPostprocessing = 0;
		};
		D7A7BE4F221142B9008DB582 /* Resources */ = {
			isa = PBXResourcesBuildPhase;
			buildActionMask = 2147483647;
			files = (
			);
			runOnlyForDeploymentPostprocessing = 0;
		};
/* End PBXResourcesBuildPhase section */

/* Begin PBXSourcesBuildPhase section */
		D7A7BE2B221142B5008DB582 /* Sources */ = {
			isa = PBXSourcesBuildPhase;
			buildActionMask = 2147483647;
			files = (
				D7F2C2A8221250B600B7C6F4 /* Level+CoreDataClass.swift in Sources */,
				D7F2C2AD221250B600B7C6F4 /* Question+CoreDataProperties.swift in Sources */,
				D767F229221583A6007493B2 /* CodingUserInfoKey+MOC.swift in Sources */,
				D767F22B22162E19007493B2 /* QuestionData.swift in Sources */,
				D7F2C2AA221250B600B7C6F4 /* TimeCategory+CoreDataClass.swift in Sources */,
				D7A7BE35221142B5008DB582 /* ViewController.swift in Sources */,
				D7F2C2AC221250B600B7C6F4 /* Question+CoreDataClass.swift in Sources */,
				D7A7BE33221142B5008DB582 /* AppDelegate.swift in Sources */,
				D70215B8221BC6F60035A35A /* TimeCategoryCell.swift in Sources */,
				D7F2C29D2211B28900B7C6F4 /* TimeCategoryViewController.swift in Sources */,
				D7F2C2A9221250B600B7C6F4 /* Level+CoreDataProperties.swift in Sources */,
				D7F2C2A12211B68600B7C6F4 /* QuestionCell.swift in Sources */,
				D70215B5221B9F470035A35A /* QuestionData+CoreDataClass.swift in Sources */,
				D7A7BE3B221142B5008DB582 /* magicOfMemo.xcdatamodeld in Sources */,
				D70215B6221B9F470035A35A /* QuestionData+CoreDataProperties.swift in Sources */,
				D7F2C2AB221250B600B7C6F4 /* TimeCategory+CoreDataProperties.swift in Sources */,
				D713E279221FE9DB007ACACE /* ProgressBarCell.swift in Sources */,
				D7F2C29F2211B66C00B7C6F4 /* QuestionListViewController.swift in Sources */,
			);
			runOnlyForDeploymentPostprocessing = 0;
		};
		D7A7BE42221142B9008DB582 /* Sources */ = {
			isa = PBXSourcesBuildPhase;
			buildActionMask = 2147483647;
			files = (
				D7A7BE4B221142B9008DB582 /* magicOfMemoTests.swift in Sources */,
			);
			runOnlyForDeploymentPostprocessing = 0;
		};
		D7A7BE4D221142B9008DB582 /* Sources */ = {
			isa = PBXSourcesBuildPhase;
			buildActionMask = 2147483647;
			files = (
				D7A7BE56221142B9008DB582 /* magicOfMemoUITests.swift in Sources */,
			);
			runOnlyForDeploymentPostprocessing = 0;
		};
/* End PBXSourcesBuildPhase section */

/* Begin PBXTargetDependency section */
		D7A7BE48221142B9008DB582 /* PBXTargetDependency */ = {
			isa = PBXTargetDependency;
			target = D7A7BE2E221142B5008DB582 /* magicOfMemo */;
			targetProxy = D7A7BE47221142B9008DB582 /* PBXContainerItemProxy */;
		};
		D7A7BE53221142B9008DB582 /* PBXTargetDependency */ = {
			isa = PBXTargetDependency;
			target = D7A7BE2E221142B5008DB582 /* magicOfMemo */;
			targetProxy = D7A7BE52221142B9008DB582 /* PBXContainerItemProxy */;
		};
/* End PBXTargetDependency section */

/* Begin PBXVariantGroup section */
		D7A7BE36221142B5008DB582 /* Main.storyboard */ = {
			isa = PBXVariantGroup;
			children = (
				D7A7BE37221142B5008DB582 /* Base */,
			);
			name = Main.storyboard;
			sourceTree = "<group>";
		};
		D7A7BE3E221142B9008DB582 /* LaunchScreen.storyboard */ = {
			isa = PBXVariantGroup;
			children = (
				D7A7BE3F221142B9008DB582 /* Base */,
			);
			name = LaunchScreen.storyboard;
			sourceTree = "<group>";
		};
/* End PBXVariantGroup section */

/* Begin XCBuildConfiguration section */
		D7A7BE58221142B9008DB582 /* Debug */ = {
			isa = XCBuildConfiguration;
			buildSettings = {
				ALWAYS_SEARCH_USER_PATHS = NO;
				CLANG_ANALYZER_NONNULL = YES;
				CLANG_ANALYZER_NUMBER_OBJECT_CONVERSION = YES_AGGRESSIVE;
				CLANG_CXX_LANGUAGE_STANDARD = "gnu++14";
				CLANG_CXX_LIBRARY = "libc++";
				CLANG_ENABLE_MODULES = YES;
				CLANG_ENABLE_OBJC_ARC = YES;
				CLANG_ENABLE_OBJC_WEAK = YES;
				CLANG_WARN_BLOCK_CAPTURE_AUTORELEASING = YES;
				CLANG_WARN_BOOL_CONVERSION = YES;
				CLANG_WARN_COMMA = YES;
				CLANG_WARN_CONSTANT_CONVERSION = YES;
				CLANG_WARN_DEPRECATED_OBJC_IMPLEMENTATIONS = YES;
				CLANG_WARN_DIRECT_OBJC_ISA_USAGE = YES_ERROR;
				CLANG_WARN_DOCUMENTATION_COMMENTS = YES;
				CLANG_WARN_EMPTY_BODY = YES;
				CLANG_WARN_ENUM_CONVERSION = YES;
				CLANG_WARN_INFINITE_RECURSION = YES;
				CLANG_WARN_INT_CONVERSION = YES;
				CLANG_WARN_NON_LITERAL_NULL_CONVERSION = YES;
				CLANG_WARN_OBJC_IMPLICIT_RETAIN_SELF = YES;
				CLANG_WARN_OBJC_LITERAL_CONVERSION = YES;
				CLANG_WARN_OBJC_ROOT_CLASS = YES_ERROR;
				CLANG_WARN_RANGE_LOOP_ANALYSIS = YES;
				CLANG_WARN_STRICT_PROTOTYPES = YES;
				CLANG_WARN_SUSPICIOUS_MOVE = YES;
				CLANG_WARN_UNGUARDED_AVAILABILITY = YES_AGGRESSIVE;
				CLANG_WARN_UNREACHABLE_CODE = YES;
				CLANG_WARN__DUPLICATE_METHOD_MATCH = YES;
				CODE_SIGN_IDENTITY = "iPhone Developer";
				COPY_PHASE_STRIP = NO;
				DEBUG_INFORMATION_FORMAT = dwarf;
				ENABLE_STRICT_OBJC_MSGSEND = YES;
				ENABLE_TESTABILITY = YES;
				GCC_C_LANGUAGE_STANDARD = gnu11;
				GCC_DYNAMIC_NO_PIC = NO;
				GCC_NO_COMMON_BLOCKS = YES;
				GCC_OPTIMIZATION_LEVEL = 0;
				GCC_PREPROCESSOR_DEFINITIONS = (
					"DEBUG=1",
					"$(inherited)",
				);
				GCC_WARN_64_TO_32_BIT_CONVERSION = YES;
				GCC_WARN_ABOUT_RETURN_TYPE = YES_ERROR;
				GCC_WARN_UNDECLARED_SELECTOR = YES;
				GCC_WARN_UNINITIALIZED_AUTOS = YES_AGGRESSIVE;
				GCC_WARN_UNUSED_FUNCTION = YES;
				GCC_WARN_UNUSED_VARIABLE = YES;
				IPHONEOS_DEPLOYMENT_TARGET = 12.1;
				MTL_ENABLE_DEBUG_INFO = INCLUDE_SOURCE;
				MTL_FAST_MATH = YES;
				ONLY_ACTIVE_ARCH = YES;
				SDKROOT = iphoneos;
				SWIFT_ACTIVE_COMPILATION_CONDITIONS = DEBUG;
				SWIFT_OPTIMIZATION_LEVEL = "-Onone";
			};
			name = Debug;
		};
		D7A7BE59221142B9008DB582 /* Release */ = {
			isa = XCBuildConfiguration;
			buildSettings = {
				ALWAYS_SEARCH_USER_PATHS = NO;
				CLANG_ANALYZER_NONNULL = YES;
				CLANG_ANALYZER_NUMBER_OBJECT_CONVERSION = YES_AGGRESSIVE;
				CLANG_CXX_LANGUAGE_STANDARD = "gnu++14";
				CLANG_CXX_LIBRARY = "libc++";
				CLANG_ENABLE_MODULES = YES;
				CLANG_ENABLE_OBJC_ARC = YES;
				CLANG_ENABLE_OBJC_WEAK = YES;
				CLANG_WARN_BLOCK_CAPTURE_AUTORELEASING = YES;
				CLANG_WARN_BOOL_CONVERSION = YES;
				CLANG_WARN_COMMA = YES;
				CLANG_WARN_CONSTANT_CONVERSION = YES;
				CLANG_WARN_DEPRECATED_OBJC_IMPLEMENTATIONS = YES;
				CLANG_WARN_DIRECT_OBJC_ISA_USAGE = YES_ERROR;
				CLANG_WARN_DOCUMENTATION_COMMENTS = YES;
				CLANG_WARN_EMPTY_BODY = YES;
				CLANG_WARN_ENUM_CONVERSION = YES;
				CLANG_WARN_INFINITE_RECURSION = YES;
				CLANG_WARN_INT_CONVERSION = YES;
				CLANG_WARN_NON_LITERAL_NULL_CONVERSION = YES;
				CLANG_WARN_OBJC_IMPLICIT_RETAIN_SELF = YES;
				CLANG_WARN_OBJC_LITERAL_CONVERSION = YES;
				CLANG_WARN_OBJC_ROOT_CLASS = YES_ERROR;
				CLANG_WARN_RANGE_LOOP_ANALYSIS = YES;
				CLANG_WARN_STRICT_PROTOTYPES = YES;
				CLANG_WARN_SUSPICIOUS_MOVE = YES;
				CLANG_WARN_UNGUARDED_AVAILABILITY = YES_AGGRESSIVE;
				CLANG_WARN_UNREACHABLE_CODE = YES;
				CLANG_WARN__DUPLICATE_METHOD_MATCH = YES;
				CODE_SIGN_IDENTITY = "iPhone Developer";
				COPY_PHASE_STRIP = NO;
				DEBUG_INFORMATION_FORMAT = "dwarf-with-dsym";
				ENABLE_NS_ASSERTIONS = NO;
				ENABLE_STRICT_OBJC_MSGSEND = YES;
				GCC_C_LANGUAGE_STANDARD = gnu11;
				GCC_NO_COMMON_BLOCKS = YES;
				GCC_WARN_64_TO_32_BIT_CONVERSION = YES;
				GCC_WARN_ABOUT_RETURN_TYPE = YES_ERROR;
				GCC_WARN_UNDECLARED_SELECTOR = YES;
				GCC_WARN_UNINITIALIZED_AUTOS = YES_AGGRESSIVE;
				GCC_WARN_UNUSED_FUNCTION = YES;
				GCC_WARN_UNUSED_VARIABLE = YES;
				IPHONEOS_DEPLOYMENT_TARGET = 12.1;
				MTL_ENABLE_DEBUG_INFO = NO;
				MTL_FAST_MATH = YES;
				SDKROOT = iphoneos;
				SWIFT_COMPILATION_MODE = wholemodule;
				SWIFT_OPTIMIZATION_LEVEL = "-O";
				VALIDATE_PRODUCT = YES;
			};
			name = Release;
		};
		D7A7BE5B221142B9008DB582 /* Debug */ = {
			isa = XCBuildConfiguration;
			buildSettings = {
				ASSETCATALOG_COMPILER_APPICON_NAME = AppIcon;
				CODE_SIGN_STYLE = Automatic;
				DEVELOPMENT_TEAM = 2M5Z36K6T8;
				INFOPLIST_FILE = magicOfMemo/Info.plist;
				LD_RUNPATH_SEARCH_PATHS = (
					"$(inherited)",
					"@executable_path/Frameworks",
				);
				PRODUCT_BUNDLE_IDENTIFIER = io.github.Kazutaka333.magicOfMemo;
				PRODUCT_NAME = "$(TARGET_NAME)";
				SWIFT_VERSION = 4.2;
				TARGETED_DEVICE_FAMILY = "1,2";
			};
			name = Debug;
		};
		D7A7BE5C221142B9008DB582 /* Release */ = {
			isa = XCBuildConfiguration;
			buildSettings = {
				ASSETCATALOG_COMPILER_APPICON_NAME = AppIcon;
				CODE_SIGN_STYLE = Automatic;
				DEVELOPMENT_TEAM = 2M5Z36K6T8;
				INFOPLIST_FILE = magicOfMemo/Info.plist;
				LD_RUNPATH_SEARCH_PATHS = (
					"$(inherited)",
					"@executable_path/Frameworks",
				);
				PRODUCT_BUNDLE_IDENTIFIER = io.github.Kazutaka333.magicOfMemo;
				PRODUCT_NAME = "$(TARGET_NAME)";
				SWIFT_VERSION = 4.2;
				TARGETED_DEVICE_FAMILY = "1,2";
			};
			name = Release;
		};
		D7A7BE5E221142B9008DB582 /* Debug */ = {
			isa = XCBuildConfiguration;
			buildSettings = {
				ALWAYS_EMBED_SWIFT_STANDARD_LIBRARIES = YES;
				BUNDLE_LOADER = "$(TEST_HOST)";
				CODE_SIGN_STYLE = Automatic;
				DEVELOPMENT_TEAM = 2M5Z36K6T8;
				INFOPLIST_FILE = magicOfMemoTests/Info.plist;
				LD_RUNPATH_SEARCH_PATHS = (
					"$(inherited)",
					"@executable_path/Frameworks",
					"@loader_path/Frameworks",
				);
				PRODUCT_BUNDLE_IDENTIFIER = io.github.Kazutaka333.magicOfMemoTests;
				PRODUCT_NAME = "$(TARGET_NAME)";
				SWIFT_VERSION = 4.2;
				TARGETED_DEVICE_FAMILY = "1,2";
				TEST_HOST = "$(BUILT_PRODUCTS_DIR)/magicOfMemo.app/magicOfMemo";
			};
			name = Debug;
		};
		D7A7BE5F221142B9008DB582 /* Release */ = {
			isa = XCBuildConfiguration;
			buildSettings = {
				ALWAYS_EMBED_SWIFT_STANDARD_LIBRARIES = YES;
				BUNDLE_LOADER = "$(TEST_HOST)";
				CODE_SIGN_STYLE = Automatic;
				DEVELOPMENT_TEAM = 2M5Z36K6T8;
				INFOPLIST_FILE = magicOfMemoTests/Info.plist;
				LD_RUNPATH_SEARCH_PATHS = (
					"$(inherited)",
					"@executable_path/Frameworks",
					"@loader_path/Frameworks",
				);
				PRODUCT_BUNDLE_IDENTIFIER = io.github.Kazutaka333.magicOfMemoTests;
				PRODUCT_NAME = "$(TARGET_NAME)";
				SWIFT_VERSION = 4.2;
				TARGETED_DEVICE_FAMILY = "1,2";
				TEST_HOST = "$(BUILT_PRODUCTS_DIR)/magicOfMemo.app/magicOfMemo";
			};
			name = Release;
		};
		D7A7BE61221142B9008DB582 /* Debug */ = {
			isa = XCBuildConfiguration;
			buildSettings = {
				ALWAYS_EMBED_SWIFT_STANDARD_LIBRARIES = YES;
				CODE_SIGN_STYLE = Automatic;
				DEVELOPMENT_TEAM = 2M5Z36K6T8;
				INFOPLIST_FILE = magicOfMemoUITests/Info.plist;
				LD_RUNPATH_SEARCH_PATHS = (
					"$(inherited)",
					"@executable_path/Frameworks",
					"@loader_path/Frameworks",
				);
				PRODUCT_BUNDLE_IDENTIFIER = io.github.Kazutaka333.magicOfMemoUITests;
				PRODUCT_NAME = "$(TARGET_NAME)";
				SWIFT_VERSION = 4.2;
				TARGETED_DEVICE_FAMILY = "1,2";
				TEST_TARGET_NAME = magicOfMemo;
			};
			name = Debug;
		};
		D7A7BE62221142B9008DB582 /* Release */ = {
			isa = XCBuildConfiguration;
			buildSettings = {
				ALWAYS_EMBED_SWIFT_STANDARD_LIBRARIES = YES;
				CODE_SIGN_STYLE = Automatic;
				DEVELOPMENT_TEAM = 2M5Z36K6T8;
				INFOPLIST_FILE = magicOfMemoUITests/Info.plist;
				LD_RUNPATH_SEARCH_PATHS = (
					"$(inherited)",
					"@executable_path/Frameworks",
					"@loader_path/Frameworks",
				);
				PRODUCT_BUNDLE_IDENTIFIER = io.github.Kazutaka333.magicOfMemoUITests;
				PRODUCT_NAME = "$(TARGET_NAME)";
				SWIFT_VERSION = 4.2;
				TARGETED_DEVICE_FAMILY = "1,2";
				TEST_TARGET_NAME = magicOfMemo;
			};
			name = Release;
		};
/* End XCBuildConfiguration section */

/* Begin XCConfigurationList section */
		D7A7BE2A221142B4008DB582 /* Build configuration list for PBXProject "magicOfMemo" */ = {
			isa = XCConfigurationList;
			buildConfigurations = (
				D7A7BE58221142B9008DB582 /* Debug */,
				D7A7BE59221142B9008DB582 /* Release */,
			);
			defaultConfigurationIsVisible = 0;
			defaultConfigurationName = Release;
		};
		D7A7BE5A221142B9008DB582 /* Build configuration list for PBXNativeTarget "magicOfMemo" */ = {
			isa = XCConfigurationList;
			buildConfigurations = (
				D7A7BE5B221142B9008DB582 /* Debug */,
				D7A7BE5C221142B9008DB582 /* Release */,
			);
			defaultConfigurationIsVisible = 0;
			defaultConfigurationName = Release;
		};
		D7A7BE5D221142B9008DB582 /* Build configuration list for PBXNativeTarget "magicOfMemoTests" */ = {
			isa = XCConfigurationList;
			buildConfigurations = (
				D7A7BE5E221142B9008DB582 /* Debug */,
				D7A7BE5F221142B9008DB582 /* Release */,
			);
			defaultConfigurationIsVisible = 0;
			defaultConfigurationName = Release;
		};
		D7A7BE60221142B9008DB582 /* Build configuration list for PBXNativeTarget "magicOfMemoUITests" */ = {
			isa = XCConfigurationList;
			buildConfigurations = (
				D7A7BE61221142B9008DB582 /* Debug */,
				D7A7BE62221142B9008DB582 /* Release */,
			);
			defaultConfigurationIsVisible = 0;
			defaultConfigurationName = Release;
		};
/* End XCConfigurationList section */

/* Begin XCVersionGroup section */
		D7A7BE39221142B5008DB582 /* magicOfMemo.xcdatamodeld */ = {
			isa = XCVersionGroup;
			children = (
				D7A7BE3A221142B5008DB582 /* magicOfMemo.xcdatamodel */,
			);
			currentVersion = D7A7BE3A221142B5008DB582 /* magicOfMemo.xcdatamodel */;
			path = magicOfMemo.xcdatamodeld;
			sourceTree = "<group>";
			versionGroupType = wrapper.xcdatamodel;
		};
/* End XCVersionGroup section */
	};
	rootObject = D7A7BE27221142B4008DB582 /* Project object */;
}
